
Microsoft Visual Studio Solution File, Format Version 12.00
# Visual Studio Version 17
VisualStudioVersion = 17.14.36429.23
MinimumVisualStudioVersion = 10.0.40219.1
Project("{FAE04EC0-301F-11D3-BF4B-00C04F79EFBC}") = "Core", "Core\Core.csproj", "{64F76B66-BFD2-488F-8DE6-D83FA34B155F}"
EndProject
Project("{FAE04EC0-301F-11D3-BF4B-00C04F79EFBC}") = "UnitTests", "UnitTests\UnitTests.csproj", "{4E934678-6965-441E-AC21-28F760885E53}"
EndProject
Project("{2150E333-8FDC-42A3-9474-1A3956D46DE8}") = "Элементы решения", "Элементы решения", "{754FC069-D67B-A9D7-50A1-8D1CA196D8F1}"
	ProjectSection(SolutionItems) = preProject
		..\build.bat = ..\build.bat
		..\build.ps1 = ..\build.ps1
		..\BuildFunctions.ps1 = ..\BuildFunctions.ps1
		..\click_to_build.bat = ..\click_to_build.bat
		..\PrivateBuild.ps1 = ..\PrivateBuild.ps1
		..\README.md = ..\README.md
	EndProjectSection
EndProject
Project("{FAE04EC0-301F-11D3-BF4B-00C04F79EFBC}") = "IntegrationTests", "IntegrationTests\IntegrationTests.csproj", "{40FCEC7A-BC63-43B9-B534-1F3E98F0E966}"
EndProject
Project("{FAE04EC0-301F-11D3-BF4B-00C04F79EFBC}") = "Database", "Database\Database.csproj", "{A319C897-D283-4C25-BCE1-4C06FE6B520C}"
EndProject
Global
	GlobalSection(SolutionConfigurationPlatforms) = preSolution
		Debug|Any CPU = Debug|Any CPU
		Release|Any CPU = Release|Any CPU
	EndGlobalSection
	GlobalSection(ProjectConfigurationPlatforms) = postSolution
		{64F76B66-BFD2-488F-8DE6-D83FA34B155F}.Debug|Any CPU.ActiveCfg = Debug|Any CPU
		{64F76B66-BFD2-488F-8DE6-D83FA34B155F}.Debug|Any CPU.Build.0 = Debug|Any CPU
		{64F76B66-BFD2-488F-8DE6-D83FA34B155F}.Release|Any CPU.ActiveCfg = Release|Any CPU
		{64F76B66-BFD2-488F-8DE6-D83FA34B155F}.Release|Any CPU.Build.0 = Release|Any CPU
		{4E934678-6965-441E-AC21-28F760885E53}.Debug|Any CPU.ActiveCfg = Debug|Any CPU
		{4E934678-6965-441E-AC21-28F760885E53}.Debug|Any CPU.Build.0 = Debug|Any CPU
		{4E934678-6965-441E-AC21-28F760885E53}.Release|Any CPU.ActiveCfg = Release|Any CPU
		{4E934678-6965-441E-AC21-28F760885E53}.Release|Any CPU.Build.0 = Release|Any CPU
		{40FCEC7A-BC63-43B9-B534-1F3E98F0E966}.Debug|Any CPU.ActiveCfg = Debug|Any CPU
		{40FCEC7A-BC63-43B9-B534-1F3E98F0E966}.Debug|Any CPU.Build.0 = Debug|Any CPU
		{40FCEC7A-BC63-43B9-B534-1F3E98F0E966}.Release|Any CPU.ActiveCfg = Release|Any CPU
		{40FCEC7A-BC63-43B9-B534-1F3E98F0E966}.Release|Any CPU.Build.0 = Release|Any CPU
		{A319C897-D283-4C25-BCE1-4C06FE6B520C}.Debug|Any CPU.ActiveCfg = Debug|Any CPU
		{A319C897-D283-4C25-BCE1-4C06FE6B520C}.Debug|Any CPU.Build.0 = Debug|Any CPU
		{A319C897-D283-4C25-BCE1-4C06FE6B520C}.Release|Any CPU.ActiveCfg = Release|Any CPU
		{A319C897-D283-4C25-BCE1-4C06FE6B520C}.Release|Any CPU.Build.0 = Release|Any CPU
	EndGlobalSection
	GlobalSection(SolutionProperties) = preSolution
		HideSolutionNode = FALSE
	EndGlobalSection
	GlobalSection(ExtensibilityGlobals) = postSolution
		SolutionGuid = {0F3F4FA4-790B-4D82-B49D-5CF9EA2DF7D8}
	EndGlobalSection
EndGlobal
